
Microsoft Visual Studio Solution File, Format Version 12.00
# Visual Studio 15
VisualStudioVersion = 15.0.26730.0
MinimumVisualStudioVersion = 10.0.40219.1
Project("{FAE04EC0-301F-11D3-BF4B-00C04F79EFBC}") = "BuildSyllable", "BuildSyllable\BuildSyllable.csproj", "{599B8052-24DC-47E1-9796-01184D0D8BD6}"
EndProject
Project("{FAE04EC0-301F-11D3-BF4B-00C04F79EFBC}") = "EnglishNumbers", "EnglishNumbers\EnglishNumbers.csproj", "{246435B5-3BD0-4D59-B1C6-546110E36C01}"
EndProject
Project("{FAE04EC0-301F-11D3-BF4B-00C04F79EFBC}") = "Ortografia", "Ortografia\Ortografia.csproj", "{1D5F5269-A829-4DAE-9511-7CD1E13F9682}"
EndProject
Global
	GlobalSection(SolutionConfigurationPlatforms) = preSolution
		Debug|Any CPU = Debug|Any CPU
		Release|Any CPU = Release|Any CPU
	EndGlobalSection
	GlobalSection(ProjectConfigurationPlatforms) = postSolution
		{599B8052-24DC-47E1-9796-01184D0D8BD6}.Debug|Any CPU.ActiveCfg = Debug|Any CPU
		{599B8052-24DC-47E1-9796-01184D0D8BD6}.Debug|Any CPU.Build.0 = Debug|Any CPU
		{599B8052-24DC-47E1-9796-01184D0D8BD6}.Release|Any CPU.ActiveCfg = Release|Any CPU
		{599B8052-24DC-47E1-9796-01184D0D8BD6}.Release|Any CPU.Build.0 = Release|Any CPU
		{246435B5-3BD0-4D59-B1C6-546110E36C01}.Debug|Any CPU.ActiveCfg = Debug|Any CPU
		{246435B5-3BD0-4D59-B1C6-546110E36C01}.Debug|Any CPU.Build.0 = Debug|Any CPU
		{246435B5-3BD0-4D59-B1C6-546110E36C01}.Release|Any CPU.ActiveCfg = Release|Any CPU
		{246435B5-3BD0-4D59-B1C6-546110E36C01}.Release|Any CPU.Build.0 = Release|Any CPU
		{1D5F5269-A829-4DAE-9511-7CD1E13F9682}.Debug|Any CPU.ActiveCfg = Debug|Any CPU
		{1D5F5269-A829-4DAE-9511-7CD1E13F9682}.Debug|Any CPU.Build.0 = Debug|Any CPU
		{1D5F5269-A829-4DAE-9511-7CD1E13F9682}.Release|Any CPU.ActiveCfg = Release|Any CPU
		{1D5F5269-A829-4DAE-9511-7CD1E13F9682}.Release|Any CPU.Build.0 = Release|Any CPU
	EndGlobalSection
	GlobalSection(SolutionProperties) = preSolution
		HideSolutionNode = FALSE
	EndGlobalSection
	GlobalSection(ExtensibilityGlobals) = postSolution
		SolutionGuid = {A855ECAF-89DA-4AD8-BBA8-21F7C2BCE9B3}
	EndGlobalSection
EndGlobal
